
Microsoft Visual Studio Solution File, Format Version 12.00
# Visual Studio Version 16
VisualStudioVersion = 16.0.30011.22
MinimumVisualStudioVersion = 10.0.40219.1
Project("{888888A0-9F3D-457C-B088-3A5042F75D52}") = "QuantLib", "QuantLib\QuantLib.pyproj", "{9005AD74-7F73-45C2-92EE-01541F78718B}"
EndProject
Project("{888888A0-9F3D-457C-B088-3A5042F75D52}") = "Tests", "Tests\Tests.pyproj", "{A0869DB8-C9CF-4A84-B169-038B510E1FFF}"
EndProject
Global
	GlobalSection(SolutionConfigurationPlatforms) = preSolution
		Debug|Any CPU = Debug|Any CPU
		Release|Any CPU = Release|Any CPU
	EndGlobalSection
	GlobalSection(ProjectConfigurationPlatforms) = postSolution
		{9005AD74-7F73-45C2-92EE-01541F78718B}.Debug|Any CPU.ActiveCfg = Debug|Any CPU
		{9005AD74-7F73-45C2-92EE-01541F78718B}.Release|Any CPU.ActiveCfg = Release|Any CPU
		{A0869DB8-C9CF-4A84-B169-038B510E1FFF}.Debug|Any CPU.ActiveCfg = Debug|Any CPU
		{A0869DB8-C9CF-4A84-B169-038B510E1FFF}.Release|Any CPU.ActiveCfg = Release|Any CPU
	EndGlobalSection
	GlobalSection(SolutionProperties) = preSolution
		HideSolutionNode = FALSE
	EndGlobalSection
	GlobalSection(ExtensibilityGlobals) = postSolution
		SolutionGuid = {EFF472E5-80E9-4516-AF88-F5540F09D4D6}
	EndGlobalSection
EndGlobal
